
Microsoft Visual Studio Solution File, Format Version 12.00
# Visual Studio Version 17
VisualStudioVersion = 17.11.35303.130
MinimumVisualStudioVersion = 10.0.40219.1
Project("{FAE04EC0-301F-11D3-BF4B-00C04F79EFBC}") = "chuong trinh PT", "chuong trinh PT\chuong trinh PT.csproj", "{2832D45E-AAB9-4003-B34F-016456DA1D56}"
EndProject
Global
	GlobalSection(SolutionConfigurationPlatforms) = preSolution
		Debug|Any CPU = Debug|Any CPU
		Release|Any CPU = Release|Any CPU
	EndGlobalSection
	GlobalSection(ProjectConfigurationPlatforms) = postSolution
		{2832D45E-AAB9-4003-B34F-016456DA1D56}.Debug|Any CPU.ActiveCfg = Debug|Any CPU
		{2832D45E-AAB9-4003-B34F-016456DA1D56}.Debug|Any CPU.Build.0 = Debug|Any CPU
		{2832D45E-AAB9-4003-B34F-016456DA1D56}.Release|Any CPU.ActiveCfg = Release|Any CPU
		{2832D45E-AAB9-4003-B34F-016456DA1D56}.Release|Any CPU.Build.0 = Release|Any CPU
	EndGlobalSection
	GlobalSection(SolutionProperties) = preSolution
		HideSolutionNode = FALSE
	EndGlobalSection
	GlobalSection(ExtensibilityGlobals) = postSolution
		SolutionGuid = {448F2DC3-C12B-47CE-BC77-8080F9009C29}
	EndGlobalSection
EndGlobal
